
Microsoft Visual Studio Solution File, Format Version 12.00
# Visual Studio Version 16
VisualStudioVersion = 16.0.31129.286
MinimumVisualStudioVersion = 10.0.40219.1
Project("{FAE04EC0-301F-11D3-BF4B-00C04F79EFBC}") = "Defualt_perameterizedConstructor", "Defualt_perameterizedConstructor\Defualt_perameterizedConstructor.csproj", "{3491DFAD-8031-4DCC-A8D6-C605E2FA1500}"
EndProject
Global
	GlobalSection(SolutionConfigurationPlatforms) = preSolution
		Debug|Any CPU = Debug|Any CPU
		Release|Any CPU = Release|Any CPU
	EndGlobalSection
	GlobalSection(ProjectConfigurationPlatforms) = postSolution
		{3491DFAD-8031-4DCC-A8D6-C605E2FA1500}.Debug|Any CPU.ActiveCfg = Debug|Any CPU
		{3491DFAD-8031-4DCC-A8D6-C605E2FA1500}.Debug|Any CPU.Build.0 = Debug|Any CPU
		{3491DFAD-8031-4DCC-A8D6-C605E2FA1500}.Release|Any CPU.ActiveCfg = Release|Any CPU
		{3491DFAD-8031-4DCC-A8D6-C605E2FA1500}.Release|Any CPU.Build.0 = Release|Any CPU
	EndGlobalSection
	GlobalSection(SolutionProperties) = preSolution
		HideSolutionNode = FALSE
	EndGlobalSection
	GlobalSection(ExtensibilityGlobals) = postSolution
		SolutionGuid = {34C8CCBA-115B-41BC-902A-3D0D211790D0}
	EndGlobalSection
EndGlobal
