
Microsoft Visual Studio Solution File, Format Version 12.00
# Visual Studio Version 16
VisualStudioVersion = 16.0.31129.286
MinimumVisualStudioVersion = 10.0.40219.1
Project("{FAE04EC0-301F-11D3-BF4B-00C04F79EFBC}") = "StaticandPrivate", "StaticandPrivate\StaticandPrivate.csproj", "{718FE6A3-91D6-44BD-B995-25EA6F5524FE}"
EndProject
Global
	GlobalSection(SolutionConfigurationPlatforms) = preSolution
		Debug|Any CPU = Debug|Any CPU
		Release|Any CPU = Release|Any CPU
	EndGlobalSection
	GlobalSection(ProjectConfigurationPlatforms) = postSolution
		{718FE6A3-91D6-44BD-B995-25EA6F5524FE}.Debug|Any CPU.ActiveCfg = Debug|Any CPU
		{718FE6A3-91D6-44BD-B995-25EA6F5524FE}.Debug|Any CPU.Build.0 = Debug|Any CPU
		{718FE6A3-91D6-44BD-B995-25EA6F5524FE}.Release|Any CPU.ActiveCfg = Release|Any CPU
		{718FE6A3-91D6-44BD-B995-25EA6F5524FE}.Release|Any CPU.Build.0 = Release|Any CPU
	EndGlobalSection
	GlobalSection(SolutionProperties) = preSolution
		HideSolutionNode = FALSE
	EndGlobalSection
	GlobalSection(ExtensibilityGlobals) = postSolution
		SolutionGuid = {10267B36-00D3-4110-894F-080D73874569}
	EndGlobalSection
EndGlobal
