
Microsoft Visual Studio Solution File, Format Version 12.00
# Visual Studio Version 16
VisualStudioVersion = 16.0.31129.286
MinimumVisualStudioVersion = 10.0.40219.1
Project("{FAE04EC0-301F-11D3-BF4B-00C04F79EFBC}") = "Assembly1", "Assembly1\Assembly1.csproj", "{1E2AF167-30C6-4120-8985-7787B42734BC}"
EndProject
Project("{FAE04EC0-301F-11D3-BF4B-00C04F79EFBC}") = "Assembly2", "Assembly2\Assembly2.csproj", "{8FD9D639-AE22-48A6-B99A-63844025B0E1}"
EndProject
Global
	GlobalSection(SolutionConfigurationPlatforms) = preSolution
		Debug|Any CPU = Debug|Any CPU
		Release|Any CPU = Release|Any CPU
	EndGlobalSection
	GlobalSection(ProjectConfigurationPlatforms) = postSolution
		{1E2AF167-30C6-4120-8985-7787B42734BC}.Debug|Any CPU.ActiveCfg = Debug|Any CPU
		{1E2AF167-30C6-4120-8985-7787B42734BC}.Debug|Any CPU.Build.0 = Debug|Any CPU
		{1E2AF167-30C6-4120-8985-7787B42734BC}.Release|Any CPU.ActiveCfg = Release|Any CPU
		{1E2AF167-30C6-4120-8985-7787B42734BC}.Release|Any CPU.Build.0 = Release|Any CPU
		{8FD9D639-AE22-48A6-B99A-63844025B0E1}.Debug|Any CPU.ActiveCfg = Debug|Any CPU
		{8FD9D639-AE22-48A6-B99A-63844025B0E1}.Debug|Any CPU.Build.0 = Debug|Any CPU
		{8FD9D639-AE22-48A6-B99A-63844025B0E1}.Release|Any CPU.ActiveCfg = Release|Any CPU
		{8FD9D639-AE22-48A6-B99A-63844025B0E1}.Release|Any CPU.Build.0 = Release|Any CPU
	EndGlobalSection
	GlobalSection(SolutionProperties) = preSolution
		HideSolutionNode = FALSE
	EndGlobalSection
	GlobalSection(ExtensibilityGlobals) = postSolution
		SolutionGuid = {34B7226B-31AE-4B1B-9422-03DF40E6E449}
	EndGlobalSection
EndGlobal
